
Microsoft Visual Studio Solution File, Format Version 12.00
# Visual Studio 15
VisualStudioVersion = 15.0.26124.0
MinimumVisualStudioVersion = 15.0.26124.0
Project("{2150E333-8FDC-42A3-9474-1A3956D46DE8}") = "Task 2", "Task 2", "{13CC4975-4D1F-45A1-BF07-CCE7E4D88EA0}"
EndProject
Project("{FAE04EC0-301F-11D3-BF4B-00C04F79EFBC}") = "TreeImplementation.Tests", "Task 2\TreeImplementation.Tests\TreeImplementation.Tests.csproj", "{153537FE-BADA-4548-884E-9E39F881A797}"
EndProject
Project("{FAE04EC0-301F-11D3-BF4B-00C04F79EFBC}") = "TreeImplementation", "Task 2\TreeImplementation\TreeImplementation.csproj", "{AC9480DA-F704-4C90-A242-8156D3B18282}"
EndProject
Project("{FAE04EC0-301F-11D3-BF4B-00C04F79EFBC}") = "ArrayImplementation", "Task 2\ArrayImplementation\ArrayImplementation.csproj", "{40BD95F1-6F57-45AD-8F6A-5E9FF06CBE8D}"
EndProject
Global
	GlobalSection(SolutionConfigurationPlatforms) = preSolution
		Debug|Any CPU = Debug|Any CPU
		Debug|x64 = Debug|x64
		Debug|x86 = Debug|x86
		Release|Any CPU = Release|Any CPU
		Release|x64 = Release|x64
		Release|x86 = Release|x86
	EndGlobalSection
	GlobalSection(SolutionProperties) = preSolution
		HideSolutionNode = FALSE
	EndGlobalSection
	GlobalSection(ProjectConfigurationPlatforms) = postSolution
		{153537FE-BADA-4548-884E-9E39F881A797}.Debug|Any CPU.ActiveCfg = Debug|Any CPU
		{153537FE-BADA-4548-884E-9E39F881A797}.Debug|Any CPU.Build.0 = Debug|Any CPU
		{153537FE-BADA-4548-884E-9E39F881A797}.Debug|x64.ActiveCfg = Debug|Any CPU
		{153537FE-BADA-4548-884E-9E39F881A797}.Debug|x64.Build.0 = Debug|Any CPU
		{153537FE-BADA-4548-884E-9E39F881A797}.Debug|x86.ActiveCfg = Debug|Any CPU
		{153537FE-BADA-4548-884E-9E39F881A797}.Debug|x86.Build.0 = Debug|Any CPU
		{153537FE-BADA-4548-884E-9E39F881A797}.Release|Any CPU.ActiveCfg = Release|Any CPU
		{153537FE-BADA-4548-884E-9E39F881A797}.Release|Any CPU.Build.0 = Release|Any CPU
		{153537FE-BADA-4548-884E-9E39F881A797}.Release|x64.ActiveCfg = Release|Any CPU
		{153537FE-BADA-4548-884E-9E39F881A797}.Release|x64.Build.0 = Release|Any CPU
		{153537FE-BADA-4548-884E-9E39F881A797}.Release|x86.ActiveCfg = Release|Any CPU
		{153537FE-BADA-4548-884E-9E39F881A797}.Release|x86.Build.0 = Release|Any CPU
		{AC9480DA-F704-4C90-A242-8156D3B18282}.Debug|Any CPU.ActiveCfg = Debug|Any CPU
		{AC9480DA-F704-4C90-A242-8156D3B18282}.Debug|Any CPU.Build.0 = Debug|Any CPU
		{AC9480DA-F704-4C90-A242-8156D3B18282}.Debug|x64.ActiveCfg = Debug|Any CPU
		{AC9480DA-F704-4C90-A242-8156D3B18282}.Debug|x64.Build.0 = Debug|Any CPU
		{AC9480DA-F704-4C90-A242-8156D3B18282}.Debug|x86.ActiveCfg = Debug|Any CPU
		{AC9480DA-F704-4C90-A242-8156D3B18282}.Debug|x86.Build.0 = Debug|Any CPU
		{AC9480DA-F704-4C90-A242-8156D3B18282}.Release|Any CPU.ActiveCfg = Release|Any CPU
		{AC9480DA-F704-4C90-A242-8156D3B18282}.Release|Any CPU.Build.0 = Release|Any CPU
		{AC9480DA-F704-4C90-A242-8156D3B18282}.Release|x64.ActiveCfg = Release|Any CPU
		{AC9480DA-F704-4C90-A242-8156D3B18282}.Release|x64.Build.0 = Release|Any CPU
		{AC9480DA-F704-4C90-A242-8156D3B18282}.Release|x86.ActiveCfg = Release|Any CPU
		{AC9480DA-F704-4C90-A242-8156D3B18282}.Release|x86.Build.0 = Release|Any CPU
		{40BD95F1-6F57-45AD-8F6A-5E9FF06CBE8D}.Debug|Any CPU.ActiveCfg = Debug|Any CPU
		{40BD95F1-6F57-45AD-8F6A-5E9FF06CBE8D}.Debug|Any CPU.Build.0 = Debug|Any CPU
		{40BD95F1-6F57-45AD-8F6A-5E9FF06CBE8D}.Debug|x64.ActiveCfg = Debug|Any CPU
		{40BD95F1-6F57-45AD-8F6A-5E9FF06CBE8D}.Debug|x64.Build.0 = Debug|Any CPU
		{40BD95F1-6F57-45AD-8F6A-5E9FF06CBE8D}.Debug|x86.ActiveCfg = Debug|Any CPU
		{40BD95F1-6F57-45AD-8F6A-5E9FF06CBE8D}.Debug|x86.Build.0 = Debug|Any CPU
		{40BD95F1-6F57-45AD-8F6A-5E9FF06CBE8D}.Release|Any CPU.ActiveCfg = Release|Any CPU
		{40BD95F1-6F57-45AD-8F6A-5E9FF06CBE8D}.Release|Any CPU.Build.0 = Release|Any CPU
		{40BD95F1-6F57-45AD-8F6A-5E9FF06CBE8D}.Release|x64.ActiveCfg = Release|Any CPU
		{40BD95F1-6F57-45AD-8F6A-5E9FF06CBE8D}.Release|x64.Build.0 = Release|Any CPU
		{40BD95F1-6F57-45AD-8F6A-5E9FF06CBE8D}.Release|x86.ActiveCfg = Release|Any CPU
		{40BD95F1-6F57-45AD-8F6A-5E9FF06CBE8D}.Release|x86.Build.0 = Release|Any CPU
	EndGlobalSection
	GlobalSection(NestedProjects) = preSolution
		{153537FE-BADA-4548-884E-9E39F881A797} = {13CC4975-4D1F-45A1-BF07-CCE7E4D88EA0}
		{AC9480DA-F704-4C90-A242-8156D3B18282} = {13CC4975-4D1F-45A1-BF07-CCE7E4D88EA0}
		{40BD95F1-6F57-45AD-8F6A-5E9FF06CBE8D} = {13CC4975-4D1F-45A1-BF07-CCE7E4D88EA0}
	EndGlobalSection
EndGlobal
